lockfileVersion: '9.0'

settings:
  autoInstallPeers: true
  excludeLinksFromLockfile: false

importers:

  .: {}

  npm/cli-darwin-arm64: {}

  npm/cli-darwin-x64: {}

  npm/cli-linux-x64: {}

  npm/cli-win32-x64: {}

  npm/cn-health:
    optionalDependencies:
      '@cn-health/cli-darwin-arm64':
        specifier: workspace:0.5.3
        version: link:../cli-darwin-arm64
      '@cn-health/cli-darwin-x64':
        specifier: workspace:0.5.3
        version: link:../cli-darwin-x64
      '@cn-health/cli-linux-x64':
        specifier: workspace:0.5.3
        version: link:../cli-linux-x64
      '@cn-health/cli-win32-x64':
        specifier: workspace:0.5.3
        version: link:../cli-win32-x64
